
Microsoft Visual Studio Solution File, Format Version 12.00
# Visual Studio Version 17
VisualStudioVersion = 17.11.35303.130
MinimumVisualStudioVersion = 10.0.40219.1
Project("{8BC9CEB8-8B4A-11D0-8D11-00A0C91BC942}") = "Лабораторна робота 002", "Лабораторна робота 002.vcxproj", "{567D99ED-D841-466F-97A1-CD08D53BEFF5}"
EndProject
Global
	GlobalSection(SolutionConfigurationPlatforms) = preSolution
		Debug|x64 = Debug|x64
		Debug|x86 = Debug|x86
		Release|x64 = Release|x64
		Release|x86 = Release|x86
	EndGlobalSection
	GlobalSection(ProjectConfigurationPlatforms) = postSolution
		{567D99ED-D841-466F-97A1-CD08D53BEFF5}.Debug|x64.ActiveCfg = Debug|x64
		{567D99ED-D841-466F-97A1-CD08D53BEFF5}.Debug|x64.Build.0 = Debug|x64
		{567D99ED-D841-466F-97A1-CD08D53BEFF5}.Debug|x86.ActiveCfg = Debug|Win32
		{567D99ED-D841-466F-97A1-CD08D53BEFF5}.Debug|x86.Build.0 = Debug|Win32
		{567D99ED-D841-466F-97A1-CD08D53BEFF5}.Release|x64.ActiveCfg = Release|x64
		{567D99ED-D841-466F-97A1-CD08D53BEFF5}.Release|x64.Build.0 = Release|x64
		{567D99ED-D841-466F-97A1-CD08D53BEFF5}.Release|x86.ActiveCfg = Release|Win32
		{567D99ED-D841-466F-97A1-CD08D53BEFF5}.Release|x86.Build.0 = Release|Win32
	EndGlobalSection
	GlobalSection(SolutionProperties) = preSolution
		HideSolutionNode = FALSE
	EndGlobalSection
	GlobalSection(ExtensibilityGlobals) = postSolution
		SolutionGuid = {7D8ABE2A-FDA8-41C2-8E7D-B82205292C8C}
	EndGlobalSection
EndGlobal
